// !$*UTF8*$!
{
	archiveVersion = 1;
	classes = {
	};
	objectVersion = 46;
	objects = {

/* Begin PBXBuildFile section */
		23C89C8F1F4EA99300C1B9FA /* AppDelegate.swift in Sources */ = {isa = PBXBuildFile; fileRef = 23C89C8E1F4EA99300C1B9FA /* AppDelegate.swift */; };
		23C89C911F4EA99300C1B9FA /* ViewController.swift in Sources */ = {isa = PBXBuildFile; fileRef = 23C89C901F4EA99300C1B9FA /* ViewController.swift */; };
		23C89C941F4EA99300C1B9FA /* Main.storyboard in Resources */ = {isa = PBXBuildFile; fileRef = 23C89C921F4EA99300C1B9FA /* Main.storyboard */; };
		23C89C961F4EA99300C1B9FA /* Assets.xcassets in Resources */ = {isa = PBXBuildFile; fileRef = 23C89C951F4EA99300C1B9FA /* Assets.xcassets */; };
		23C89C991F4EA99300C1B9FA /* LaunchScreen.storyboard in Resources */ = {isa = PBXBuildFile; fileRef = 23C89C971F4EA99300C1B9FA /* LaunchScreen.storyboard */; };
		23C89CA41F4EA99300C1B9FA /* funtoursTests.swift in Sources */ = {isa = PBXBuildFile; fileRef = 23C89CA31F4EA99300C1B9FA /* funtoursTests.swift */; };
/* End PBXBuildFile section */

/* Begin PBXContainerItemProxy section */
		23C89CA01F4EA99300C1B9FA /* PBXContainerItemProxy */ = {
			isa = PBXContainerItemProxy;
			containerPortal = 23C89C831F4EA99300C1B9FA /* Project object */;
			proxyType = 1;
			remoteGlobalIDString = 23C89C8A1F4EA99300C1B9FA;
			remoteInfo = funtours;
		};
/* End PBXContainerItemProxy section */

/* Begin PBXFileReference section */
		23C89C8B1F4EA99300C1B9FA /* funtours.app */ = {isa = PBXFileReference; explicitFileType = wrapper.application; includeInIndex = 0; path = funtours.app; sourceTree = BUILT_PRODUCTS_DIR; };
		23C89C8E1F4EA99300C1B9FA /* AppDelegate.swift */ = {isa = PBXFileReference; lastKnownFileType = sourcecode.swift; path = AppDelegate.swift; sourceTree = "<group>"; };
		23C89C901F4EA99300C1B9FA /* ViewController.swift */ = {isa = PBXFileReference; lastKnownFileType = sourcecode.swift; path = ViewController.swift; sourceTree = "<group>"; };
		23C89C931F4EA99300C1B9FA /* Base */ = {isa = PBXFileReference; lastKnownFileType = file.storyboard; name = Base; path = Base.lproj/Main.storyboard; sourceTree = "<group>"; };
		23C89C951F4EA99300C1B9FA /* Assets.xcassets */ = {isa = PBXFileReference; lastKnownFileType = folder.assetcatalog; path = Assets.xcassets; sourceTree = "<group>"; };
		23C89C981F4EA99300C1B9FA /* Base */ = {isa = PBXFileReference; lastKnownFileType = file.storyboard; name = Base; path = Base.lproj/LaunchScreen.storyboard; sourceTree = "<group>"; };
		23C89C9A1F4EA99300C1B9FA /* Info.plist */ = {isa = PBXFileReference; lastKnownFileType = text.plist.xml; path = Info.plist; sourceTree = "<group>"; };
		23C89C9F1F4EA99300C1B9FA /* funtoursTests.xctest */ = {isa = PBXFileReference; explicitFileType = wrapper.cfbundle; includeInIndex = 0; path = funtoursTests.xctest; sourceTree = BUILT_PRODUCTS_DIR; };
		23C89CA31F4EA99300C1B9FA /* funtoursTests.swift */ = {isa = PBXFileReference; lastKnownFileType = sourcecode.swift; path = funtoursTests.swift; sourceTree = "<group>"; };
		23C89CA51F4EA99300C1B9FA /* Info.plist */ = {isa = PBXFileReference; lastKnownFileType = text.plist.xml; path = Info.plist; sourceTree = "<group>"; };
/* End PBXFileReference section */

/* Begin PBXFrameworksBuildPhase section */
		23C89C881F4EA99300C1B9FA /* Frameworks */ = {
			isa = PBXFrameworksBuildPhase;
			buildActionMask = 2147483647;
			files = (
			);
			runOnlyForDeploymentPostprocessing = 0;
		};
		23C89C9C1F4EA99300C1B9FA /* Frameworks */ = {
			isa = PBXFrameworksBuildPhase;
			buildActionMask = 2147483647;
			files = (
			);
			runOnlyForDeploymentPostprocessing = 0;
		};
/* End PBXFrameworksBuildPhase section */

/* Begin PBXGroup section */
		23C89C821F4EA99300C1B9FA = {
			isa = PBXGroup;
			children = (
				23C89C8D1F4EA99300C1B9FA /* funtours */,
				23C89CA21F4EA99300C1B9FA /* funtoursTests */,
				23C89C8C1F4EA99300C1B9FA /* Products */,
			);
			sourceTree = "<group>";
		};
		23C89C8C1F4EA99300C1B9FA /* Products */ = {
			isa = PBXGroup;
			children = (
				23C89C8B1F4EA99300C1B9FA /* funtours.app */,
				23C89C9F1F4EA99300C1B9FA /* funtoursTests.xctest */,
			);
			name = Products;
			sourceTree = "<group>";
		};
		23C89C8D1F4EA99300C1B9FA /* funtours */ = {
			isa = PBXGroup;
			children = (
				23C89C8E1F4EA99300C1B9FA /* AppDelegate.swift */,
				23C89C901F4EA99300C1B9FA /* ViewController.swift */,
				23C89C921F4EA99300C1B9FA /* Main.storyboard */,
				23C89C951F4EA99300C1B9FA /* Assets.xcassets */,
				23C89C971F4EA99300C1B9FA /* LaunchScreen.storyboard */,
				23C89C9A1F4EA99300C1B9FA /* Info.plist */,
			);
			path = funtours;
			sourceTree = "<group>";
		};
		23C89CA21F4EA99300C1B9FA /* funtoursTests */ = {
			isa = PBXGroup;
			children = (
				23C89CA31F4EA99300C1B9FA /* funtoursTests.swift */,
				23C89CA51F4EA99300C1B9FA /* Info.plist */,
			);
			path = funtoursTests;
			sourceTree = "<group>";
		};
/* End PBXGroup section */

/* Begin PBXNativeTarget section */
		23C89C8A1F4EA99300C1B9FA /* funtours */ = {
			isa = PBXNativeTarget;
			buildConfigurationList = 23C89CA81F4EA99300C1B9FA /* Build configuration list for PBXNativeTarget "funtours" */;
			buildPhases = (
				23C89C871F4EA99300C1B9FA /* Sources */,
				23C89C881F4EA99300C1B9FA /* Frameworks */,
				23C89C891F4EA99300C1B9FA /* Resources */,
			);
			buildRules = (
			);
			dependencies = (
			);
			name = funtours;
			productName = funtours;
			productReference = 23C89C8B1F4EA99300C1B9FA /* funtours.app */;
			productType = "com.apple.product-type.application";
		};
		23C89C9E1F4EA99300C1B9FA /* funtoursTests */ = {
			isa = PBXNativeTarget;
			buildConfigurationList = 23C89CAB1F4EA99300C1B9FA /* Build configuration list for PBXNativeTarget "funtoursTests" */;
			buildPhases = (
				23C89C9B1F4EA99300C1B9FA /* Sources */,
				23C89C9C1F4EA99300C1B9FA /* Frameworks */,
				23C89C9D1F4EA99300C1B9FA /* Resources */,
			);
			buildRules = (
			);
			dependencies = (
				23C89CA11F4EA99300C1B9FA /* PBXTargetDependency */,
			);
			name = funtoursTests;
			productName = funtoursTests;
			productReference = 23C89C9F1F4EA99300C1B9FA /* funtoursTests.xctest */;
			productType = "com.apple.product-type.bundle.unit-test";
		};
/* End PBXNativeTarget section */

/* Begin PBXProject section */
		23C89C831F4EA99300C1B9FA /* Project object */ = {
			isa = PBXProject;
			attributes = {
				LastSwiftUpdateCheck = 0830;
				LastUpgradeCheck = 0900;
				ORGANIZATIONNAME = "Catharina Herchert";
				TargetAttributes = {
					23C89C8A1F4EA99300C1B9FA = {
						CreatedOnToolsVersion = 8.3.3;
						LastSwiftMigration = 0900;
						ProvisioningStyle = Automatic;
					};
					23C89C9E1F4EA99300C1B9FA = {
						CreatedOnToolsVersion = 8.3.3;
						LastSwiftMigration = 0900;
						ProvisioningStyle = Automatic;
						TestTargetID = 23C89C8A1F4EA99300C1B9FA;
					};
				};
			};
			buildConfigurationList = 23C89C861F4EA99300C1B9FA /* Build configuration list for PBXProject "funtours" */;
			compatibilityVersion = "Xcode 3.2";
			developmentRegion = English;
			hasScannedForEncodings = 0;
			knownRegions = (
				en,
				Base,
			);
			mainGroup = 23C89C821F4EA99300C1B9FA;
			productRefGroup = 23C89C8C1F4EA99300C1B9FA /* Products */;
			projectDirPath = "";
			projectRoot = "";
			targets = (
				23C89C8A1F4EA99300C1B9FA /* funtours */,
				23C89C9E1F4EA99300C1B9FA /* funtoursTests */,
			);
		};
/* End PBXProject section */

/* Begin PBXResourcesBuildPhase section */
		23C89C891F4EA99300C1B9FA /* Resources */ = {
			isa = PBXResourcesBuildPhase;
			buildActionMask = 2147483647;
			files = (
				23C89C991F4EA99300C1B9FA /* LaunchScreen.storyboard in Resources */,
				23C89C961F4EA99300C1B9FA /* Assets.xcassets in Resources */,
				23C89C941F4EA99300C1B9FA /* Main.storyboard in Resources */,
			);
			runOnlyForDeploymentPostprocessing = 0;
		};
		23C89C9D1F4EA99300C1B9FA /* Resources */ = {
			isa = PBXResourcesBuildPhase;
			buildActionMask = 2147483647;
			files = (
			);
			runOnlyForDeploymentPostprocessing = 0;
		};
/* End PBXResourcesBuildPhase section */

/* Begin PBXSourcesBuildPhase section */
		23C89C871F4EA99300C1B9FA /* Sources */ = {
			isa = PBXSourcesBuildPhase;
			buildActionMask = 2147483647;
			files = (
				23C89C911F4EA99300C1B9FA /* ViewController.swift in Sources */,
				23C89C8F1F4EA99300C1B9FA /* AppDelegate.swift in Sources */,
			);
			runOnlyForDeploymentPostprocessing = 0;
		};
		23C89C9B1F4EA99300C1B9FA /* Sources */ = {
			isa = PBXSourcesBuildPhase;
			buildActionMask = 2147483647;
			files = (
				23C89CA41F4EA99300C1B9FA /* funtoursTests.swift in Sources */,
			);
			runOnlyForDeploymentPostprocessing = 0;
		};
/* End PBXSourcesBuildPhase section */

/* Begin PBXTargetDependency section */
		23C89CA11F4EA99300C1B9FA /* PBXTargetDependency */ = {
			isa = PBXTargetDependency;
			target = 23C89C8A1F4EA99300C1B9FA /* funtours */;
			targetProxy = 23C89CA01F4EA99300C1B9FA /* PBXContainerItemProxy */;
		};
/* End PBXTargetDependency section */

/* Begin PBXVariantGroup section */
		23C89C921F4EA99300C1B9FA /* Main.storyboard */ = {
			isa = PBXVariantGroup;
			children = (
				23C89C931F4EA99300C1B9FA /* Base */,
			);
			name = Main.storyboard;
			sourceTree = "<group>";
		};
		23C89C971F4EA99300C1B9FA /* LaunchScreen.storyboard */ = {
			isa = PBXVariantGroup;
			children = (
				23C89C981F4EA99300C1B9FA /* Base */,
			);
			name = LaunchScreen.storyboard;
			sourceTree = "<group>";
		};
/* End PBXVariantGroup section */

/* Begin XCBuildConfiguration section */
		23C89CA61F4EA99300C1B9FA /* Debug */ = {
			isa = XCBuildConfiguration;
			buildSettings = {
				ALWAYS_SEARCH_USER_PATHS = NO;
				CLANG_ANALYZER_NONNULL = YES;
				CLANG_ANALYZER_NUMBER_OBJECT_CONVERSION = YES_AGGRESSIVE;
				CLANG_CXX_LANGUAGE_STANDARD = "gnu++0x";
				CLANG_CXX_LIBRARY = "libc++";
				CLANG_ENABLE_MODULES = YES;
				CLANG_ENABLE_OBJC_ARC = YES;
				CLANG_WARN_BLOCK_CAPTURE_AUTORELEASING = YES;
				CLANG_WARN_BOOL_CONVERSION = YES;
				CLANG_WARN_COMMA = YES;
				CLANG_WARN_CONSTANT_CONVERSION = YES;
				CLANG_WARN_DIRECT_OBJC_ISA_USAGE = YES_ERROR;
				CLANG_WARN_DOCUMENTATION_COMMENTS = YES;
				CLANG_WARN_EMPTY_BODY = YES;
				CLANG_WARN_ENUM_CONVERSION = YES;
				CLANG_WARN_INFINITE_RECURSION = YES;
				CLANG_WARN_INT_CONVERSION = YES;
				CLANG_WARN_NON_LITERAL_NULL_CONVERSION = YES;
				CLANG_WARN_OBJC_LITERAL_CONVERSION = YES;
				CLANG_WARN_OBJC_ROOT_CLASS = YES_ERROR;
				CLANG_WARN_RANGE_LOOP_ANALYSIS = YES;
				CLANG_WARN_STRICT_PROTOTYPES = YES;
				CLANG_WARN_SUSPICIOUS_MOVE = YES;
				CLANG_WARN_UNREACHABLE_CODE = YES;
				CLANG_WARN__DUPLICATE_METHOD_MATCH = YES;
				"CODE_SIGN_IDENTITY[sdk=iphoneos*]" = "iPhone Developer";
				COPY_PHASE_STRIP = NO;
				DEBUG_INFORMATION_FORMAT = dwarf;
				ENABLE_STRICT_OBJC_MSGSEND = YES;
				ENABLE_TESTABILITY = YES;
				GCC_C_LANGUAGE_STANDARD = gnu99;
				GCC_DYNAMIC_NO_PIC = NO;
				GCC_NO_COMMON_BLOCKS = YES;
				GCC_OPTIMIZATION_LEVEL = 0;
				GCC_PREPROCESSOR_DEFINITIONS = (
					"DEBUG=1",
					"$(inherited)",
				);
				GCC_WARN_64_TO_32_BIT_CONVERSION = YES;
				GCC_WARN_ABOUT_RETURN_TYPE = YES_ERROR;
				GCC_WARN_UNDECLARED_SELECTOR = YES;
				GCC_WARN_UNINITIALIZED_AUTOS = YES_AGGRESSIVE;
				GCC_WARN_UNUSED_FUNCTION = YES;
				GCC_WARN_UNUSED_VARIABLE = YES;
				IPHONEOS_DEPLOYMENT_TARGET = 10.3;
				MTL_ENABLE_DEBUG_INFO = YES;
				ONLY_ACTIVE_ARCH = YES;
				SDKROOT = iphoneos;
				SWIFT_ACTIVE_COMPILATION_CONDITIONS = DEBUG;
				SWIFT_OPTIMIZATION_LEVEL = "-Onone";
			};
			name = Debug;
		};
		23C89CA71F4EA99300C1B9FA /* Release */ = {
			isa = XCBuildConfiguration;
			buildSettings = {
				ALWAYS_SEARCH_USER_PATHS = NO;
				CLANG_ANALYZER_NONNULL = YES;
				CLANG_ANALYZER_NUMBER_OBJECT_CONVERSION = YES_AGGRESSIVE;
				CLANG_CXX_LANGUAGE_STANDARD = "gnu++0x";
				CLANG_CXX_LIBRARY = "libc++";
				CLANG_ENABLE_MODULES = YES;
				CLANG_ENABLE_OBJC_ARC = YES;
				CLANG_WARN_BLOCK_CAPTURE_AUTORELEASING = YES;
				CLANG_WARN_BOOL_CONVERSION = YES;
				CLANG_WARN_COMMA = YES;
				CLANG_WARN_CONSTANT_CONVERSION = YES;
				CLANG_WARN_DIRECT_OBJC_ISA_USAGE = YES_ERROR;
				CLANG_WARN_DOCUMENTATION_COMMENTS = YES;
				CLANG_WARN_EMPTY_BODY = YES;
				CLANG_WARN_ENUM_CONVERSION = YES;
				CLANG_WARN_INFINITE_RECURSION = YES;
				CLANG_WARN_INT_CONVERSION = YES;
				CLANG_WARN_NON_LITERAL_NULL_CONVERSION = YES;
				CLANG_WARN_OBJC_LITERAL_CONVERSION = YES;
				CLANG_WARN_OBJC_ROOT_CLASS = YES_ERROR;
				CLANG_WARN_RANGE_LOOP_ANALYSIS = YES;
				CLANG_WARN_STRICT_PROTOTYPES = YES;
				CLANG_WARN_SUSPICIOUS_MOVE = YES;
				CLANG_WARN_UNREACHABLE_CODE = YES;
				CLANG_WARN__DUPLICATE_METHOD_MATCH = YES;
				"CODE_SIGN_IDENTITY[sdk=iphoneos*]" = "iPhone Developer";
				COPY_PHASE_STRIP = NO;
				DEBUG_INFORMATION_FORMAT = "dwarf-with-dsym";
				ENABLE_NS_ASSERTIONS = NO;
				ENABLE_STRICT_OBJC_MSGSEND = YES;
				GCC_C_LANGUAGE_STANDARD = gnu99;
				GCC_NO_COMMON_BLOCKS = YES;
				GCC_WARN_64_TO_32_BIT_CONVERSION = YES;
				GCC_WARN_ABOUT_RETURN_TYPE = YES_ERROR;
				GCC_WARN_UNDECLARED_SELECTOR = YES;
				GCC_WARN_UNINITIALIZED_AUTOS = YES_AGGRESSIVE;
				GCC_WARN_UNUSED_FUNCTION = YES;
				GCC_WARN_UNUSED_VARIABLE = YES;
				IPHONEOS_DEPLOYMENT_TARGET = 10.3;
				MTL_ENABLE_DEBUG_INFO = NO;
				SDKROOT = iphoneos;
				SWIFT_OPTIMIZATION_LEVEL = "-Owholemodule";
				VALIDATE_PRODUCT = YES;
			};
			name = Release;
		};
		23C89CA91F4EA99300C1B9FA /* Debug */ = {
			isa = XCBuildConfiguration;
			buildSettings = {
				ASSETCATALOG_COMPILER_APPICON_NAME = AppIcon;
				INFOPLIST_FILE = funtours/Info.plist;
				LD_RUNPATH_SEARCH_PATHS = "$(inherited) @executable_path/Frameworks";
				PRODUCT_BUNDLE_IDENTIFIER = de.itinka.funtours;
				PRODUCT_NAME = "$(TARGET_NAME)";
				SWIFT_SWIFT3_OBJC_INFERENCE = On;
				SWIFT_VERSION = 4.0;
			};
			name = Debug;
		};
		23C89CAA1F4EA99300C1B9FA /* Release */ = {
			isa = XCBuildConfiguration;
			buildSettings = {
				ASSETCATALOG_COMPILER_APPICON_NAME = AppIcon;
				INFOPLIST_FILE = funtours/Info.plist;
				LD_RUNPATH_SEARCH_PATHS = "$(inherited) @executable_path/Frameworks";
				PRODUCT_BUNDLE_IDENTIFIER = de.itinka.funtours;
				PRODUCT_NAME = "$(TARGET_NAME)";
				SWIFT_SWIFT3_OBJC_INFERENCE = On;
				SWIFT_VERSION = 4.0;
			};
			name = Release;
		};
		23C89CAC1F4EA99300C1B9FA /* Debug */ = {
			isa = XCBuildConfiguration;
			buildSettings = {
				ALWAYS_EMBED_SWIFT_STANDARD_LIBRARIES = YES;
				BUNDLE_LOADER = "$(TEST_HOST)";
				INFOPLIST_FILE = funtoursTests/Info.plist;
				LD_RUNPATH_SEARCH_PATHS = "$(inherited) @executable_path/Frameworks @loader_path/Frameworks";
				PRODUCT_BUNDLE_IDENTIFIER = de.itinka.funtoursTests;
				PRODUCT_NAME = "$(TARGET_NAME)";
				SWIFT_SWIFT3_OBJC_INFERENCE = On;
				SWIFT_VERSION = 4.0;
				TEST_HOST = "$(BUILT_PRODUCTS_DIR)/funtours.app/funtours";
			};
			name = Debug;
		};
		23C89CAD1F4EA99300C1B9FA /* Release */ = {
			isa = XCBuildConfiguration;
			buildSettings = {
				ALWAYS_EMBED_SWIFT_STANDARD_LIBRARIES = YES;
				BUNDLE_LOADER = "$(TEST_HOST)";
				INFOPLIST_FILE = funtoursTests/Info.plist;
				LD_RUNPATH_SEARCH_PATHS = "$(inherited) @executable_path/Frameworks @loader_path/Frameworks";
				PRODUCT_BUNDLE_IDENTIFIER = de.itinka.funtoursTests;
				PRODUCT_NAME = "$(TARGET_NAME)";
				SWIFT_SWIFT3_OBJC_INFERENCE = On;
				SWIFT_VERSION = 4.0;
				TEST_HOST = "$(BUILT_PRODUCTS_DIR)/funtours.app/funtours";
			};
			name = Release;
		};
/* End XCBuildConfiguration section */

/* Begin XCConfigurationList section */
		23C89C861F4EA99300C1B9FA /* Build configuration list for PBXProject "funtours" */ = {
			isa = XCConfigurationList;
			buildConfigurations = (
				23C89CA61F4EA99300C1B9FA /* Debug */,
				23C89CA71F4EA99300C1B9FA /* Release */,
			);
			defaultConfigurationIsVisible = 0;
			defaultConfigurationName = Release;
		};
		23C89CA81F4EA99300C1B9FA /* Build configuration list for PBXNativeTarget "funtours" */ = {
			isa = XCConfigurationList;
			buildConfigurations = (
				23C89CA91F4EA99300C1B9FA /* Debug */,
				23C89CAA1F4EA99300C1B9FA /* Release */,
			);
			defaultConfigurationIsVisible = 0;
			defaultConfigurationName = Release;
		};
		23C89CAB1F4EA99300C1B9FA /* Build configuration list for PBXNativeTarget "funtoursTests" */ = {
			isa = XCConfigurationList;
			buildConfigurations = (
				23C89CAC1F4EA99300C1B9FA /* Debug */,
				23C89CAD1F4EA99300C1B9FA /* Release */,
			);
			defaultConfigurationIsVisible = 0;
			defaultConfigurationName = Release;
		};
/* End XCConfigurationList section */
	};
	rootObject = 23C89C831F4EA99300C1B9FA /* Project object */;
}
